
Microsoft Visual Studio Solution File, Format Version 12.00
# Visual Studio Version 16
VisualStudioVersion = 16.0.29424.173
MinimumVisualStudioVersion = 10.0.40219.1
Project("{8BC9CEB8-8B4A-11D0-8D11-00A0C91BC942}") = "Sandbox", "Sandbox\Sandbox.vcxproj", "{AD111D51-A8F5-4574-9B09-20B04E93C9C0}"
EndProject
Project("{8BC9CEB8-8B4A-11D0-8D11-00A0C91BC942}") = "Cherno-Engine_Hazel", "Cherno-Engine_Hazel.vcxproj", "{12B4059D-3063-43A3-9DCF-DE0653F7FDF4}"
EndProject
Global
	GlobalSection(SolutionConfigurationPlatforms) = preSolution
		Debug|x64 = Debug|x64
		Debug|x86 = Debug|x86
		Release|x64 = Release|x64
		Release|x86 = Release|x86
	EndGlobalSection
	GlobalSection(ProjectConfigurationPlatforms) = postSolution
		{12B4059D-3063-43A3-9DCF-DE0653F7FDF4}.Debug|x64.ActiveCfg = Debug|x64
		{12B4059D-3063-43A3-9DCF-DE0653F7FDF4}.Debug|x64.Build.0 = Debug|x64
		{12B4059D-3063-43A3-9DCF-DE0653F7FDF4}.Debug|x86.ActiveCfg = Debug|Win32
		{12B4059D-3063-43A3-9DCF-DE0653F7FDF4}.Debug|x86.Build.0 = Debug|Win32
		{12B4059D-3063-43A3-9DCF-DE0653F7FDF4}.Release|x64.ActiveCfg = Release|x64
		{12B4059D-3063-43A3-9DCF-DE0653F7FDF4}.Release|x64.Build.0 = Release|x64
		{12B4059D-3063-43A3-9DCF-DE0653F7FDF4}.Release|x86.ActiveCfg = Release|Win32
		{12B4059D-3063-43A3-9DCF-DE0653F7FDF4}.Release|x86.Build.0 = Release|Win32
		{AD111D51-A8F5-4574-9B09-20B04E93C9C0}.Debug|x64.ActiveCfg = Debug|x64
		{AD111D51-A8F5-4574-9B09-20B04E93C9C0}.Debug|x64.Build.0 = Debug|x64
		{AD111D51-A8F5-4574-9B09-20B04E93C9C0}.Debug|x86.ActiveCfg = Debug|Win32
		{AD111D51-A8F5-4574-9B09-20B04E93C9C0}.Debug|x86.Build.0 = Debug|Win32
		{AD111D51-A8F5-4574-9B09-20B04E93C9C0}.Release|x64.ActiveCfg = Release|x64
		{AD111D51-A8F5-4574-9B09-20B04E93C9C0}.Release|x64.Build.0 = Release|x64
		{AD111D51-A8F5-4574-9B09-20B04E93C9C0}.Release|x86.ActiveCfg = Release|Win32
		{AD111D51-A8F5-4574-9B09-20B04E93C9C0}.Release|x86.Build.0 = Release|Win32
	EndGlobalSection
	GlobalSection(SolutionProperties) = preSolution
		HideSolutionNode = FALSE
	EndGlobalSection
	GlobalSection(ExtensibilityGlobals) = postSolution
		SolutionGuid = {657AA9C0-078D-4441-90DA-00816B65DAF8}
	EndGlobalSection
EndGlobal
